
Microsoft Visual Studio Solution File, Format Version 12.00
# Visual Studio Version 17
VisualStudioVersion = 17.0.31903.59
MinimumVisualStudioVersion = 10.0.40219.1
Project("{FAE04EC0-301F-11D3-BF4B-00C04F79EFBC}") = "StoreApp", "StoreApp\StoreApp.csproj", "{03FACD45-F9E2-4E32-9BD2-84A023A3B458}"
EndProject
Project("{FAE04EC0-301F-11D3-BF4B-00C04F79EFBC}") = "Entities", "Entities\Entities.csproj", "{0C0970BB-1B32-4FE9-BE35-C548D19CFAD7}"
EndProject
Project("{FAE04EC0-301F-11D3-BF4B-00C04F79EFBC}") = "Repositories", "Repositories\Repositories.csproj", "{C5D704BE-FA56-4AB8-925D-EA1584B81A77}"
EndProject
Project("{FAE04EC0-301F-11D3-BF4B-00C04F79EFBC}") = "Services", "Services\Services.csproj", "{62281162-6472-457C-A8C0-306FE08994DF}"
EndProject
Global
	GlobalSection(SolutionConfigurationPlatforms) = preSolution
		Debug|Any CPU = Debug|Any CPU
		Release|Any CPU = Release|Any CPU
	EndGlobalSection
	GlobalSection(SolutionProperties) = preSolution
		HideSolutionNode = FALSE
	EndGlobalSection
	GlobalSection(ProjectConfigurationPlatforms) = postSolution
		{03FACD45-F9E2-4E32-9BD2-84A023A3B458}.Debug|Any CPU.ActiveCfg = Debug|Any CPU
		{03FACD45-F9E2-4E32-9BD2-84A023A3B458}.Debug|Any CPU.Build.0 = Debug|Any CPU
		{03FACD45-F9E2-4E32-9BD2-84A023A3B458}.Release|Any CPU.ActiveCfg = Release|Any CPU
		{03FACD45-F9E2-4E32-9BD2-84A023A3B458}.Release|Any CPU.Build.0 = Release|Any CPU
		{0C0970BB-1B32-4FE9-BE35-C548D19CFAD7}.Debug|Any CPU.ActiveCfg = Debug|Any CPU
		{0C0970BB-1B32-4FE9-BE35-C548D19CFAD7}.Debug|Any CPU.Build.0 = Debug|Any CPU
		{0C0970BB-1B32-4FE9-BE35-C548D19CFAD7}.Release|Any CPU.ActiveCfg = Release|Any CPU
		{0C0970BB-1B32-4FE9-BE35-C548D19CFAD7}.Release|Any CPU.Build.0 = Release|Any CPU
		{C5D704BE-FA56-4AB8-925D-EA1584B81A77}.Debug|Any CPU.ActiveCfg = Debug|Any CPU
		{C5D704BE-FA56-4AB8-925D-EA1584B81A77}.Debug|Any CPU.Build.0 = Debug|Any CPU
		{C5D704BE-FA56-4AB8-925D-EA1584B81A77}.Release|Any CPU.ActiveCfg = Release|Any CPU
		{C5D704BE-FA56-4AB8-925D-EA1584B81A77}.Release|Any CPU.Build.0 = Release|Any CPU
		{62281162-6472-457C-A8C0-306FE08994DF}.Debug|Any CPU.ActiveCfg = Debug|Any CPU
		{62281162-6472-457C-A8C0-306FE08994DF}.Debug|Any CPU.Build.0 = Debug|Any CPU
		{62281162-6472-457C-A8C0-306FE08994DF}.Release|Any CPU.ActiveCfg = Release|Any CPU
		{62281162-6472-457C-A8C0-306FE08994DF}.Release|Any CPU.Build.0 = Release|Any CPU
	EndGlobalSection
EndGlobal
